
Microsoft Visual Studio Solution File, Format Version 12.00
# Visual Studio Version 17
VisualStudioVersion = 17.3.32811.315
MinimumVisualStudioVersion = 10.0.40219.1
Project("{FAE04EC0-301F-11D3-BF4B-00C04F79EFBC}") = "Peck_Unit4", "Peck_Unit4.csproj", "{33EFFE83-2DF8-4EA7-8401-DE7F13F37FC8}"
EndProject
Global
	GlobalSection(SolutionConfigurationPlatforms) = preSolution
		Debug|Any CPU = Debug|Any CPU
		Release|Any CPU = Release|Any CPU
	EndGlobalSection
	GlobalSection(ProjectConfigurationPlatforms) = postSolution
		{33EFFE83-2DF8-4EA7-8401-DE7F13F37FC8}.Debug|Any CPU.ActiveCfg = Debug|Any CPU
		{33EFFE83-2DF8-4EA7-8401-DE7F13F37FC8}.Debug|Any CPU.Build.0 = Debug|Any CPU
		{33EFFE83-2DF8-4EA7-8401-DE7F13F37FC8}.Release|Any CPU.ActiveCfg = Release|Any CPU
		{33EFFE83-2DF8-4EA7-8401-DE7F13F37FC8}.Release|Any CPU.Build.0 = Release|Any CPU
	EndGlobalSection
	GlobalSection(SolutionProperties) = preSolution
		HideSolutionNode = FALSE
	EndGlobalSection
	GlobalSection(ExtensibilityGlobals) = postSolution
		SolutionGuid = {5FA6AF62-B6FD-469E-8653-323FF2548B06}
	EndGlobalSection
EndGlobal
